{
  "requires": true,
  "lockfileVersion": 1,
  "dependencies": {
    "@escook/request-miniprogram": {
      "version": "0.2.1",
      "resolved": "https://registry.npmmirror.com/@escook/request-miniprogram/-/request-miniprogram-0.2.1.tgz",
      "integrity": "sha512-ueWV5YsaEm/ycQZuEjMiA88GFMhfBQSjy9GrP9omy4xAQajkGTbYIlnhzsDfWzRPmRC1fKmAiKMrCVcgS+SHcQ=="
    },
    "dayjs": {
      "version": "1.11.2",
      "resolved": "https://registry.npmmirror.com/dayjs/-/dayjs-1.11.2.tgz",
      "integrity": "sha512-F4LXf1OeU9hrSYRPTTj/6FbO4HTjPKXvEIC1P2kcnFurViINCVk3ZV0xAS3XVx9MkMsXbbqlK6hjseaYbgKEHw=="
    },
    "moment": {
      "version": "2.29.3",
      "resolved": "https://registry.npmmirror.com/moment/-/moment-2.29.3.tgz",
      "integrity": "sha512-c6YRvhEo//6T2Jz/vVtYzqBzwvPT95JBQ+smCytzf7c50oMZRsR/a4w88aD34I+/QVSfnoAnSBFPJHItlOMJVw=="
    }
  }
}
